
Microsoft Visual Studio Solution File, Format Version 12.00
# Visual Studio Version 16
VisualStudioVersion = 16.0.31727.386
MinimumVisualStudioVersion = 10.0.40219.1
Project("{FAE04EC0-301F-11D3-BF4B-00C04F79EFBC}") = "ageinspace", "ageinspace\ageinspace.csproj", "{558D7147-8A43-4ACF-B536-ED9C6593BD8D}"
EndProject
Global
	GlobalSection(SolutionConfigurationPlatforms) = preSolution
		Debug|Any CPU = Debug|Any CPU
		Release|Any CPU = Release|Any CPU
	EndGlobalSection
	GlobalSection(ProjectConfigurationPlatforms) = postSolution
		{558D7147-8A43-4ACF-B536-ED9C6593BD8D}.Debug|Any CPU.ActiveCfg = Debug|Any CPU
		{558D7147-8A43-4ACF-B536-ED9C6593BD8D}.Debug|Any CPU.Build.0 = Debug|Any CPU
		{558D7147-8A43-4ACF-B536-ED9C6593BD8D}.Release|Any CPU.ActiveCfg = Release|Any CPU
		{558D7147-8A43-4ACF-B536-ED9C6593BD8D}.Release|Any CPU.Build.0 = Release|Any CPU
	EndGlobalSection
	GlobalSection(SolutionProperties) = preSolution
		HideSolutionNode = FALSE
	EndGlobalSection
	GlobalSection(ExtensibilityGlobals) = postSolution
		SolutionGuid = {79606298-2F46-4DA4-8C78-ED225EE0A0F6}
	EndGlobalSection
EndGlobal
